// !$*UTF8*$!
{
	archiveVersion = 1;
	classes = {
	};
	objectVersion = 77;
	objects = {

/* Begin PBXBuildFile section */
		C00B7D892FB421FF00669DD5 /* 提取日程.shortcut in Resources */ = {isa = PBXBuildFile; fileRef = C00B7D882FB421FF00669DD5 /* 提取日程.shortcut */; };
		C0311C952FB18AD200E7DD64 /* SymbolPicker in Frameworks */ = {isa = PBXBuildFile; productRef = C0311C942FB18AD200E7DD64 /* SymbolPicker */; };
		C053465C2FCBE5D000B17E43 /* SwiftyBeaver in Frameworks */ = {isa = PBXBuildFile; productRef = C053465B2FCBE5D000B17E43 /* SwiftyBeaver */; };
		C0616B9A2FC9327F00A3533C /* Localizable.xcstrings in Resources */ = {isa = PBXBuildFile; fileRef = C0616B992FC9327F00A3533C /* Localizable.xcstrings */; };
		C0B9637A2FB3827E0033B675 /* AppIcon.icon in Resources */ = {isa = PBXBuildFile; fileRef = C0B963792FB3827E0033B675 /* AppIcon.icon */; };
/* End PBXBuildFile section */

/* Begin PBXContainerItemProxy section */
		C0616BFE2FC988F900A3533C /* PBXContainerItemProxy */ = {
			isa = PBXContainerItemProxy;
			containerPortal = C00E22332FB0360A008CAB38 /* Project object */;
			proxyType = 1;
			remoteGlobalIDString = C00E223A2FB0360A008CAB38;
			remoteInfo = AutoPlan;
		};
/* End PBXContainerItemProxy section */

/* Begin PBXCopyFilesBuildPhase section */
		C0BBF23B2FC5EF7F00578868 /* Embed ExtensionKit Extensions */ = {
			isa = PBXCopyFilesBuildPhase;
			buildActionMask = 2147483647;
			dstPath = "$(EXTENSIONS_FOLDER_PATH)";
			dstSubfolderSpec = 16;
			files = (
			);
			name = "Embed ExtensionKit Extensions";
			runOnlyForDeploymentPostprocessing = 0;
		};
/* End PBXCopyFilesBuildPhase section */

/* Begin PBXFileReference section */
		C00B7D882FB421FF00669DD5 /* 提取日程.shortcut */ = {isa = PBXFileReference; lastKnownFileType = file; path = "提取日程.shortcut"; sourceTree = "<group>"; };
		C0616B992FC9327F00A3533C /* Localizable.xcstrings */ = {isa = PBXFileReference; lastKnownFileType = text.json.xcstrings; path = Localizable.xcstrings; sourceTree = "<group>"; };
		C0616BFA2FC988F900A3533C /* AutoPlanTests.xctest */ = {isa = PBXFileReference; explicitFileType = wrapper.cfbundle; includeInIndex = 0; path = AutoPlanTests.xctest; sourceTree = BUILT_PRODUCTS_DIR; };
		C0B963792FB3827E0033B675 /* AppIcon.icon */ = {isa = PBXFileReference; lastKnownFileType = folder.iconcomposer.icon; path = AppIcon.icon; sourceTree = "<group>"; };
		C0D0248D2FC6081400EF888C /* AutoPlan.app */ = {isa = PBXFileReference; explicitFileType = wrapper.application; includeInIndex = 0; path = AutoPlan.app; sourceTree = BUILT_PRODUCTS_DIR; };
/* End PBXFileReference section */

/* Begin PBXFileSystemSynchronizedBuildFileExceptionSet section */
		C00E22502FB05EAA008CAB38 /* Exceptions for "AutoPlanApp" folder in "AutoPlan" target */ = {
			isa = PBXFileSystemSynchronizedBuildFileExceptionSet;
			membershipExceptions = (
				Info.plist,
			);
			target = C00E223A2FB0360A008CAB38 /* AutoPlan */;
		};
/* End PBXFileSystemSynchronizedBuildFileExceptionSet section */

/* Begin PBXFileSystemSynchronizedRootGroup section */
		C00E223D2FB0360A008CAB38 /* AutoPlanApp */ = {
			isa = PBXFileSystemSynchronizedRootGroup;
			exceptions = (
				C00E22502FB05EAA008CAB38 /* Exceptions for "AutoPlanApp" folder in "AutoPlan" target */,
			);
			path = AutoPlanApp;
			sourceTree = "<group>";
		};
		C05346592FCBDEA300B17E43 /* Utils */ = {
			isa = PBXFileSystemSynchronizedRootGroup;
			path = Utils;
			sourceTree = "<group>";
		};
		C0616B9E2FC987B500A3533C /* AutoPlanCore */ = {
			isa = PBXFileSystemSynchronizedRootGroup;
			path = AutoPlanCore;
			sourceTree = "<group>";
		};
		C0616BFB2FC988F900A3533C /* AutoPlanTests */ = {
			isa = PBXFileSystemSynchronizedRootGroup;
			path = AutoPlanTests;
			sourceTree = "<group>";
		};
/* End PBXFileSystemSynchronizedRootGroup section */

/* Begin PBXFrameworksBuildPhase section */
		C00E22382FB0360A008CAB38 /* Frameworks */ = {
			isa = PBXFrameworksBuildPhase;
			buildActionMask = 2147483647;
			files = (
				C0311C952FB18AD200E7DD64 /* SymbolPicker in Frameworks */,
				C053465C2FCBE5D000B17E43 /* SwiftyBeaver in Frameworks */,
			);
			runOnlyForDeploymentPostprocessing = 0;
		};
		C0616BF72FC988F900A3533C /* Frameworks */ = {
			isa = PBXFrameworksBuildPhase;
			buildActionMask = 2147483647;
			files = (
			);
			runOnlyForDeploymentPostprocessing = 0;
		};
/* End PBXFrameworksBuildPhase section */

/* Begin PBXGroup section */
		C00E22322FB0360A008CAB38 = {
			isa = PBXGroup;
			children = (
				C05346592FCBDEA300B17E43 /* Utils */,
				C0616B9E2FC987B500A3533C /* AutoPlanCore */,
				C0616B992FC9327F00A3533C /* Localizable.xcstrings */,
				C00E223D2FB0360A008CAB38 /* AutoPlanApp */,
				C0616BFB2FC988F900A3533C /* AutoPlanTests */,
				C00E226B2FB06960008CAB38 /* Frameworks */,
				C00E223C2FB0360A008CAB38 /* Products */,
				C0B963792FB3827E0033B675 /* AppIcon.icon */,
				C00B7D882FB421FF00669DD5 /* 提取日程.shortcut */,
			);
			sourceTree = "<group>";
		};
		C00E223C2FB0360A008CAB38 /* Products */ = {
			isa = PBXGroup;
			children = (
				C0D0248D2FC6081400EF888C /* AutoPlan.app */,
				C0616BFA2FC988F900A3533C /* AutoPlanTests.xctest */,
			);
			name = Products;
			sourceTree = "<group>";
		};
		C00E226B2FB06960008CAB38 /* Frameworks */ = {
			isa = PBXGroup;
			children = (
			);
			name = Frameworks;
			sourceTree = "<group>";
		};
/* End PBXGroup section */

/* Begin PBXNativeTarget section */
		C00E223A2FB0360A008CAB38 /* AutoPlan */ = {
			isa = PBXNativeTarget;
			buildConfigurationList = C00E22462FB0360C008CAB38 /* Build configuration list for PBXNativeTarget "AutoPlan" */;
			buildPhases = (
				C00E22372FB0360A008CAB38 /* Sources */,
				C00E22382FB0360A008CAB38 /* Frameworks */,
				C00E22392FB0360A008CAB38 /* Resources */,
				C0BBF23B2FC5EF7F00578868 /* Embed ExtensionKit Extensions */,
			);
			buildRules = (
			);
			dependencies = (
			);
			fileSystemSynchronizedGroups = (
				C00E223D2FB0360A008CAB38 /* AutoPlanApp */,
				C05346592FCBDEA300B17E43 /* Utils */,
				C0616B9E2FC987B500A3533C /* AutoPlanCore */,
			);
			name = AutoPlan;
			packageProductDependencies = (
				C0311C942FB18AD200E7DD64 /* SymbolPicker */,
				C053465B2FCBE5D000B17E43 /* SwiftyBeaver */,
			);
			productName = AutoPlanApp;
			productReference = C0D0248D2FC6081400EF888C /* AutoPlan.app */;
			productType = "com.apple.product-type.application";
		};
		C0616BF92FC988F900A3533C /* AutoPlanTests */ = {
			isa = PBXNativeTarget;
			buildConfigurationList = C0616C002FC988F900A3533C /* Build configuration list for PBXNativeTarget "AutoPlanTests" */;
			buildPhases = (
				C0616BF62FC988F900A3533C /* Sources */,
				C0616BF72FC988F900A3533C /* Frameworks */,
				C0616BF82FC988F900A3533C /* Resources */,
			);
			buildRules = (
			);
			dependencies = (
				C0616BFF2FC988F900A3533C /* PBXTargetDependency */,
			);
			fileSystemSynchronizedGroups = (
				C0616BFB2FC988F900A3533C /* AutoPlanTests */,
			);
			name = AutoPlanTests;
			packageProductDependencies = (
			);
			productName = AutoPlanTests;
			productReference = C0616BFA2FC988F900A3533C /* AutoPlanTests.xctest */;
			productType = "com.apple.product-type.bundle.unit-test";
		};
/* End PBXNativeTarget section */

/* Begin PBXProject section */
		C00E22332FB0360A008CAB38 /* Project object */ = {
			isa = PBXProject;
			attributes = {
				BuildIndependentTargetsInParallel = 1;
				LastSwiftUpdateCheck = 2650;
				LastUpgradeCheck = 2650;
				TargetAttributes = {
					C00E223A2FB0360A008CAB38 = {
						CreatedOnToolsVersion = 26.4;
					};
					C0616BF92FC988F900A3533C = {
						CreatedOnToolsVersion = 26.5;
						TestTargetID = C00E223A2FB0360A008CAB38;
					};
				};
			};
			buildConfigurationList = C00E22362FB0360A008CAB38 /* Build configuration list for PBXProject "AutoPlan" */;
			developmentRegion = en;
			hasScannedForEncodings = 0;
			knownRegions = (
				en,
				"zh-Hans",
				"zh-Hant",
				Base,
			);
			mainGroup = C00E22322FB0360A008CAB38;
			minimizedProjectReferenceProxies = 1;
			packageReferences = (
				C0311C932FB18AD200E7DD64 /* XCLocalSwiftPackageReference "Packages/SymbolPicker" */,
				C053465A2FCBE5C800B17E43 /* XCLocalSwiftPackageReference "Packages/SwiftyBeaver" */,
			);
			preferredProjectObjectVersion = 77;
			productRefGroup = C00E223C2FB0360A008CAB38 /* Products */;
			projectDirPath = "";
			projectRoot = "";
			targets = (
				C00E223A2FB0360A008CAB38 /* AutoPlan */,
				C0616BF92FC988F900A3533C /* AutoPlanTests */,
			);
		};
/* End PBXProject section */

/* Begin PBXResourcesBuildPhase section */
		C00E22392FB0360A008CAB38 /* Resources */ = {
			isa = PBXResourcesBuildPhase;
			buildActionMask = 2147483647;
			files = (
				C00B7D892FB421FF00669DD5 /* 提取日程.shortcut in Resources */,
				C0616B9A2FC9327F00A3533C /* Localizable.xcstrings in Resources */,
				C0B9637A2FB3827E0033B675 /* AppIcon.icon in Resources */,
			);
			runOnlyForDeploymentPostprocessing = 0;
		};
		C0616BF82FC988F900A3533C /* Resources */ = {
			isa = PBXResourcesBuildPhase;
			buildActionMask = 2147483647;
			files = (
			);
			runOnlyForDeploymentPostprocessing = 0;
		};
/* End PBXResourcesBuildPhase section */

/* Begin PBXSourcesBuildPhase section */
		C00E22372FB0360A008CAB38 /* Sources */ = {
			isa = PBXSourcesBuildPhase;
			buildActionMask = 2147483647;
			files = (
			);
			runOnlyForDeploymentPostprocessing = 0;
		};
		C0616BF62FC988F900A3533C /* Sources */ = {
			isa = PBXSourcesBuildPhase;
			buildActionMask = 2147483647;
			files = (
			);
			runOnlyForDeploymentPostprocessing = 0;
		};
/* End PBXSourcesBuildPhase section */

/* Begin PBXTargetDependency section */
		C0616BFF2FC988F900A3533C /* PBXTargetDependency */ = {
			isa = PBXTargetDependency;
			target = C00E223A2FB0360A008CAB38 /* AutoPlan */;
			targetProxy = C0616BFE2FC988F900A3533C /* PBXContainerItemProxy */;
		};
/* End PBXTargetDependency section */

/* Begin XCBuildConfiguration section */
		C00E22442FB0360C008CAB38 /* Debug */ = {
			isa = XCBuildConfiguration;
			buildSettings = {
				ALWAYS_SEARCH_USER_PATHS = NO;
				ASSETCATALOG_COMPILER_GENERATE_SWIFT_ASSET_SYMBOL_EXTENSIONS = YES;
				CLANG_ANALYZER_NONNULL = YES;
				CLANG_ANALYZER_NUMBER_OBJECT_CONVERSION = YES_AGGRESSIVE;
				CLANG_CXX_LANGUAGE_STANDARD = "gnu++20";
				CLANG_ENABLE_MODULES = YES;
				CLANG_ENABLE_OBJC_ARC = YES;
				CLANG_ENABLE_OBJC_WEAK = YES;
				CLANG_WARN_BLOCK_CAPTURE_AUTORELEASING = YES;
				CLANG_WARN_BOOL_CONVERSION = YES;
				CLANG_WARN_COMMA = YES;
				CLANG_WARN_CONSTANT_CONVERSION = YES;
				CLANG_WARN_DEPRECATED_OBJC_IMPLEMENTATIONS = YES;
				CLANG_WARN_DIRECT_OBJC_ISA_USAGE = YES_ERROR;
				CLANG_WARN_DOCUMENTATION_COMMENTS = YES;
				CLANG_WARN_EMPTY_BODY = YES;
				CLANG_WARN_ENUM_CONVERSION = YES;
				CLANG_WARN_INFINITE_RECURSION = YES;
				CLANG_WARN_INT_CONVERSION = YES;
				CLANG_WARN_NON_LITERAL_NULL_CONVERSION = YES;
				CLANG_WARN_OBJC_IMPLICIT_RETAIN_SELF = YES;
				CLANG_WARN_OBJC_LITERAL_CONVERSION = YES;
				CLANG_WARN_OBJC_ROOT_CLASS = YES_ERROR;
				CLANG_WARN_QUOTED_INCLUDE_IN_FRAMEWORK_HEADER = YES;
				CLANG_WARN_RANGE_LOOP_ANALYSIS = YES;
				CLANG_WARN_STRICT_PROTOTYPES = YES;
				CLANG_WARN_SUSPICIOUS_MOVE = YES;
				CLANG_WARN_UNGUARDED_AVAILABILITY = YES_AGGRESSIVE;
				CLANG_WARN_UNREACHABLE_CODE = YES;
				CLANG_WARN__DUPLICATE_METHOD_MATCH = YES;
				COPY_PHASE_STRIP = NO;
				DEAD_CODE_STRIPPING = YES;
				DEBUG_INFORMATION_FORMAT = dwarf;
				DEVELOPMENT_TEAM = SG82NS7FSZ;
				ENABLE_STRICT_OBJC_MSGSEND = YES;
				ENABLE_TESTABILITY = YES;
				ENABLE_USER_SCRIPT_SANDBOXING = YES;
				GCC_C_LANGUAGE_STANDARD = gnu17;
				GCC_DYNAMIC_NO_PIC = NO;
				GCC_NO_COMMON_BLOCKS = YES;
				GCC_OPTIMIZATION_LEVEL = 0;
				GCC_PREPROCESSOR_DEFINITIONS = (
					"DEBUG=1",
					"$(inherited)",
				);
				GCC_WARN_64_TO_32_BIT_CONVERSION = YES;
				GCC_WARN_ABOUT_RETURN_TYPE = YES_ERROR;
				GCC_WARN_UNDECLARED_SELECTOR = YES;
				GCC_WARN_UNINITIALIZED_AUTOS = YES_AGGRESSIVE;
				GCC_WARN_UNUSED_FUNCTION = YES;
				GCC_WARN_UNUSED_VARIABLE = YES;
				LOCALIZATION_PREFERS_STRING_CATALOGS = YES;
				MACOSX_DEPLOYMENT_TARGET = 26.4;
				MTL_ENABLE_DEBUG_INFO = INCLUDE_SOURCE;
				MTL_FAST_MATH = YES;
				ONLY_ACTIVE_ARCH = YES;
				SDKROOT = macosx;
				STRING_CATALOG_GENERATE_SYMBOLS = YES;
				SWIFT_ACTIVE_COMPILATION_CONDITIONS = "DEBUG $(inherited)";
				SWIFT_EMIT_LOC_STRINGS = YES;
				SWIFT_OPTIMIZATION_LEVEL = "-Onone";
			};
			name = Debug;
		};
		C00E22452FB0360C008CAB38 /* Release */ = {
			isa = XCBuildConfiguration;
			buildSettings = {
				ALWAYS_SEARCH_USER_PATHS = NO;
				ASSETCATALOG_COMPILER_GENERATE_SWIFT_ASSET_SYMBOL_EXTENSIONS = YES;
				CLANG_ANALYZER_NONNULL = YES;
				CLANG_ANALYZER_NUMBER_OBJECT_CONVERSION = YES_AGGRESSIVE;
				CLANG_CXX_LANGUAGE_STANDARD = "gnu++20";
				CLANG_ENABLE_MODULES = YES;
				CLANG_ENABLE_OBJC_ARC = YES;
				CLANG_ENABLE_OBJC_WEAK = YES;
				CLANG_WARN_BLOCK_CAPTURE_AUTORELEASING = YES;
				CLANG_WARN_BOOL_CONVERSION = YES;
				CLANG_WARN_COMMA = YES;
				CLANG_WARN_CONSTANT_CONVERSION = YES;
				CLANG_WARN_DEPRECATED_OBJC_IMPLEMENTATIONS = YES;
				CLANG_WARN_DIRECT_OBJC_ISA_USAGE = YES_ERROR;
				CLANG_WARN_DOCUMENTATION_COMMENTS = YES;
				CLANG_WARN_EMPTY_BODY = YES;
				CLANG_WARN_ENUM_CONVERSION = YES;
				CLANG_WARN_INFINITE_RECURSION = YES;
				CLANG_WARN_INT_CONVERSION = YES;
				CLANG_WARN_NON_LITERAL_NULL_CONVERSION = YES;
				CLANG_WARN_OBJC_IMPLICIT_RETAIN_SELF = YES;
				CLANG_WARN_OBJC_LITERAL_CONVERSION = YES;
				CLANG_WARN_OBJC_ROOT_CLASS = YES_ERROR;
				CLANG_WARN_QUOTED_INCLUDE_IN_FRAMEWORK_HEADER = YES;
				CLANG_WARN_RANGE_LOOP_ANALYSIS = YES;
				CLANG_WARN_STRICT_PROTOTYPES = YES;
				CLANG_WARN_SUSPICIOUS_MOVE = YES;
				CLANG_WARN_UNGUARDED_AVAILABILITY = YES_AGGRESSIVE;
				CLANG_WARN_UNREACHABLE_CODE = YES;
				CLANG_WARN__DUPLICATE_METHOD_MATCH = YES;
				COPY_PHASE_STRIP = NO;
				DEAD_CODE_STRIPPING = YES;
				DEBUG_INFORMATION_FORMAT = "dwarf-with-dsym";
				DEVELOPMENT_TEAM = SG82NS7FSZ;
				ENABLE_NS_ASSERTIONS = NO;
				ENABLE_STRICT_OBJC_MSGSEND = YES;
				ENABLE_USER_SCRIPT_SANDBOXING = YES;
				GCC_C_LANGUAGE_STANDARD = gnu17;
				GCC_NO_COMMON_BLOCKS = YES;
				GCC_WARN_64_TO_32_BIT_CONVERSION = YES;
				GCC_WARN_ABOUT_RETURN_TYPE = YES_ERROR;
				GCC_WARN_UNDECLARED_SELECTOR = YES;
				GCC_WARN_UNINITIALIZED_AUTOS = YES_AGGRESSIVE;
				GCC_WARN_UNUSED_FUNCTION = YES;
				GCC_WARN_UNUSED_VARIABLE = YES;
				LOCALIZATION_PREFERS_STRING_CATALOGS = YES;
				MACOSX_DEPLOYMENT_TARGET = 26.4;
				MTL_ENABLE_DEBUG_INFO = NO;
				MTL_FAST_MATH = YES;
				SDKROOT = macosx;
				STRING_CATALOG_GENERATE_SYMBOLS = YES;
				SWIFT_COMPILATION_MODE = wholemodule;
				SWIFT_EMIT_LOC_STRINGS = YES;
			};
			name = Release;
		};
		C00E22472FB0360C008CAB38 /* Debug */ = {
			isa = XCBuildConfiguration;
			buildSettings = {
				ASSETCATALOG_COMPILER_APPICON_NAME = AppIcon;
				ASSETCATALOG_COMPILER_GLOBAL_ACCENT_COLOR_NAME = AccentColor;
				ASSETCATALOG_COMPILER_INCLUDE_ALL_APPICON_ASSETS = NO;
				AUTOMATION_APPLE_EVENTS = NO;
				CODE_SIGN_ENTITLEMENTS = AutoPlanApp/AutoPlanApp.entitlements;
				CODE_SIGN_STYLE = Automatic;
				COMBINE_HIDPI_IMAGES = YES;
				CURRENT_PROJECT_VERSION = 1;
				DEAD_CODE_STRIPPING = YES;
				DEVELOPMENT_TEAM = SG82NS7FSZ;
				ENABLE_APP_SANDBOX = NO;
				ENABLE_HARDENED_RUNTIME = YES;
				ENABLE_PREVIEWS = YES;
				ENABLE_RESOURCE_ACCESS_AUDIO_INPUT = NO;
				ENABLE_RESOURCE_ACCESS_CALENDARS = YES;
				ENABLE_RESOURCE_ACCESS_CAMERA = NO;
				ENABLE_RESOURCE_ACCESS_CONTACTS = NO;
				ENABLE_RESOURCE_ACCESS_LOCATION = NO;
				ENABLE_RESOURCE_ACCESS_PHOTO_LIBRARY = NO;
				GENERATE_INFOPLIST_FILE = YES;
				INFOPLIST_FILE = AutoPlanApp/Info.plist;
				INFOPLIST_KEY_CFBundleDisplayName = AutoPlan;
				INFOPLIST_KEY_LSApplicationCategoryType = "public.app-category.utilities";
				INFOPLIST_KEY_LSUIElement = YES;
				INFOPLIST_KEY_NSCalendarsFullAccessUsageDescription = "本 App 需要日历 App 权限以添加日程。";
				INFOPLIST_KEY_NSCalendarsUsageDescription = "本 App 需要日历 App 权限以添加日程。";
				INFOPLIST_KEY_NSHumanReadableCopyright = "";
				INFOPLIST_KEY_NSRemindersFullAccessUsageDescription = "本 App 需要提醒事项 App 权限以添加提醒事项。";
				INFOPLIST_KEY_NSRemindersUsageDescription = "本 App 需要提醒事项 App 权限以添加提醒事项。";
				LD_RUNPATH_SEARCH_PATHS = (
					"$(inherited)",
					"@executable_path/../Frameworks",
				);
				MACOSX_DEPLOYMENT_TARGET = 15.0;
				MARKETING_VERSION = 0.4;
				PRODUCT_BUNDLE_IDENTIFIER = io.github.FisherRone.AutoPlan;
				PRODUCT_NAME = "$(TARGET_NAME)";
				REGISTER_APP_GROUPS = YES;
				RUNTIME_EXCEPTION_ALLOW_DYLD_ENVIRONMENT_VARIABLES = NO;
				RUNTIME_EXCEPTION_ALLOW_JIT = NO;
				RUNTIME_EXCEPTION_ALLOW_UNSIGNED_EXECUTABLE_MEMORY = NO;
				RUNTIME_EXCEPTION_DEBUGGING_TOOL = NO;
				RUNTIME_EXCEPTION_DISABLE_EXECUTABLE_PAGE_PROTECTION = NO;
				RUNTIME_EXCEPTION_DISABLE_LIBRARY_VALIDATION = NO;
				STRING_CATALOG_GENERATE_SYMBOLS = YES;
				SWIFT_APPROACHABLE_CONCURRENCY = YES;
				SWIFT_DEFAULT_ACTOR_ISOLATION = MainActor;
				SWIFT_EMIT_LOC_STRINGS = YES;
				SWIFT_UPCOMING_FEATURE_MEMBER_IMPORT_VISIBILITY = YES;
				SWIFT_VERSION = 5.0;
			};
			name = Debug;
		};
		C00E22482FB0360C008CAB38 /* Release */ = {
			isa = XCBuildConfiguration;
			buildSettings = {
				ASSETCATALOG_COMPILER_APPICON_NAME = AppIcon;
				ASSETCATALOG_COMPILER_GLOBAL_ACCENT_COLOR_NAME = AccentColor;
				ASSETCATALOG_COMPILER_INCLUDE_ALL_APPICON_ASSETS = NO;
				AUTOMATION_APPLE_EVENTS = NO;
				CODE_SIGN_ENTITLEMENTS = AutoPlanApp/AutoPlanApp.entitlements;
				"CODE_SIGN_IDENTITY[sdk=macosx*]" = "Apple Development";
				CODE_SIGN_STYLE = Automatic;
				COMBINE_HIDPI_IMAGES = YES;
				CURRENT_PROJECT_VERSION = 1;
				DEAD_CODE_STRIPPING = YES;
				DEVELOPMENT_TEAM = SG82NS7FSZ;
				ENABLE_APP_SANDBOX = NO;
				ENABLE_HARDENED_RUNTIME = YES;
				ENABLE_PREVIEWS = YES;
				ENABLE_RESOURCE_ACCESS_AUDIO_INPUT = NO;
				ENABLE_RESOURCE_ACCESS_CALENDARS = YES;
				ENABLE_RESOURCE_ACCESS_CAMERA = NO;
				ENABLE_RESOURCE_ACCESS_CONTACTS = NO;
				ENABLE_RESOURCE_ACCESS_LOCATION = NO;
				ENABLE_RESOURCE_ACCESS_PHOTO_LIBRARY = NO;
				GENERATE_INFOPLIST_FILE = YES;
				INFOPLIST_FILE = AutoPlanApp/Info.plist;
				INFOPLIST_KEY_CFBundleDisplayName = AutoPlan;
				INFOPLIST_KEY_LSApplicationCategoryType = "public.app-category.utilities";
				INFOPLIST_KEY_LSUIElement = YES;
				INFOPLIST_KEY_NSCalendarsFullAccessUsageDescription = "本 App 需要日历 App 权限以添加日程。";
				INFOPLIST_KEY_NSCalendarsUsageDescription = "本 App 需要日历 App 权限以添加日程。";
				INFOPLIST_KEY_NSHumanReadableCopyright = "";
				INFOPLIST_KEY_NSRemindersFullAccessUsageDescription = "本 App 需要提醒事项 App 权限以添加提醒事项。";
				INFOPLIST_KEY_NSRemindersUsageDescription = "本 App 需要提醒事项 App 权限以添加提醒事项。";
				LD_RUNPATH_SEARCH_PATHS = (
					"$(inherited)",
					"@executable_path/../Frameworks",
				);
				MACOSX_DEPLOYMENT_TARGET = 15.0;
				MARKETING_VERSION = 0.4;
				PRODUCT_BUNDLE_IDENTIFIER = io.github.FisherRone.AutoPlan;
				PRODUCT_NAME = "$(TARGET_NAME)";
				REGISTER_APP_GROUPS = YES;
				RUNTIME_EXCEPTION_ALLOW_DYLD_ENVIRONMENT_VARIABLES = NO;
				RUNTIME_EXCEPTION_ALLOW_JIT = NO;
				RUNTIME_EXCEPTION_ALLOW_UNSIGNED_EXECUTABLE_MEMORY = NO;
				RUNTIME_EXCEPTION_DEBUGGING_TOOL = NO;
				RUNTIME_EXCEPTION_DISABLE_EXECUTABLE_PAGE_PROTECTION = NO;
				RUNTIME_EXCEPTION_DISABLE_LIBRARY_VALIDATION = NO;
				STRING_CATALOG_GENERATE_SYMBOLS = YES;
				SWIFT_APPROACHABLE_CONCURRENCY = YES;
				SWIFT_DEFAULT_ACTOR_ISOLATION = MainActor;
				SWIFT_EMIT_LOC_STRINGS = YES;
				SWIFT_UPCOMING_FEATURE_MEMBER_IMPORT_VISIBILITY = YES;
				SWIFT_VERSION = 5.0;
			};
			name = Release;
		};
		C0616C012FC988F900A3533C /* Debug */ = {
			isa = XCBuildConfiguration;
			buildSettings = {
				BUNDLE_LOADER = "$(TEST_HOST)";
				CODE_SIGN_STYLE = Automatic;
				CURRENT_PROJECT_VERSION = 1;
				DEVELOPMENT_TEAM = SG82NS7FSZ;
				GENERATE_INFOPLIST_FILE = YES;
				MACOSX_DEPLOYMENT_TARGET = 15.0;
				MARKETING_VERSION = 1.0;
				PRODUCT_BUNDLE_IDENTIFIER = io.github.FisherRone.AutoPlanTests;
				PRODUCT_NAME = "$(TARGET_NAME)";
				STRING_CATALOG_GENERATE_SYMBOLS = NO;
				SWIFT_APPROACHABLE_CONCURRENCY = YES;
				SWIFT_EMIT_LOC_STRINGS = NO;
				SWIFT_UPCOMING_FEATURE_MEMBER_IMPORT_VISIBILITY = YES;
				SWIFT_VERSION = 5.0;
				TEST_HOST = "$(BUILT_PRODUCTS_DIR)/AutoPlan.app/$(BUNDLE_EXECUTABLE_FOLDER_PATH)/AutoPlan";
			};
			name = Debug;
		};
		C0616C022FC988F900A3533C /* Release */ = {
			isa = XCBuildConfiguration;
			buildSettings = {
				BUNDLE_LOADER = "$(TEST_HOST)";
				CODE_SIGN_STYLE = Automatic;
				CURRENT_PROJECT_VERSION = 1;
				DEVELOPMENT_TEAM = SG82NS7FSZ;
				GENERATE_INFOPLIST_FILE = YES;
				MACOSX_DEPLOYMENT_TARGET = 15.0;
				MARKETING_VERSION = 1.0;
				PRODUCT_BUNDLE_IDENTIFIER = io.github.FisherRone.AutoPlanTests;
				PRODUCT_NAME = "$(TARGET_NAME)";
				STRING_CATALOG_GENERATE_SYMBOLS = NO;
				SWIFT_APPROACHABLE_CONCURRENCY = YES;
				SWIFT_EMIT_LOC_STRINGS = NO;
				SWIFT_UPCOMING_FEATURE_MEMBER_IMPORT_VISIBILITY = YES;
				SWIFT_VERSION = 5.0;
				TEST_HOST = "$(BUILT_PRODUCTS_DIR)/AutoPlan.app/$(BUNDLE_EXECUTABLE_FOLDER_PATH)/AutoPlan";
			};
			name = Release;
		};
/* End XCBuildConfiguration section */

/* Begin XCConfigurationList section */
		C00E22362FB0360A008CAB38 /* Build configuration list for PBXProject "AutoPlan" */ = {
			isa = XCConfigurationList;
			buildConfigurations = (
				C00E22442FB0360C008CAB38 /* Debug */,
				C00E22452FB0360C008CAB38 /* Release */,
			);
			defaultConfigurationIsVisible = 0;
			defaultConfigurationName = Release;
		};
		C00E22462FB0360C008CAB38 /* Build configuration list for PBXNativeTarget "AutoPlan" */ = {
			isa = XCConfigurationList;
			buildConfigurations = (
				C00E22472FB0360C008CAB38 /* Debug */,
				C00E22482FB0360C008CAB38 /* Release */,
			);
			defaultConfigurationIsVisible = 0;
			defaultConfigurationName = Release;
		};
		C0616C002FC988F900A3533C /* Build configuration list for PBXNativeTarget "AutoPlanTests" */ = {
			isa = XCConfigurationList;
			buildConfigurations = (
				C0616C012FC988F900A3533C /* Debug */,
				C0616C022FC988F900A3533C /* Release */,
			);
			defaultConfigurationIsVisible = 0;
			defaultConfigurationName = Release;
		};
/* End XCConfigurationList section */

/* Begin XCLocalSwiftPackageReference section */
		C0311C932FB18AD200E7DD64 /* XCLocalSwiftPackageReference "Packages/SymbolPicker" */ = {
			isa = XCLocalSwiftPackageReference;
			relativePath = Packages/SymbolPicker;
		};
		C053465A2FCBE5C800B17E43 /* XCLocalSwiftPackageReference "Packages/SwiftyBeaver" */ = {
			isa = XCLocalSwiftPackageReference;
			relativePath = Packages/SwiftyBeaver;
		};
/* End XCLocalSwiftPackageReference section */

/* Begin XCSwiftPackageProductDependency section */
		C0311C942FB18AD200E7DD64 /* SymbolPicker */ = {
			isa = XCSwiftPackageProductDependency;
			productName = SymbolPicker;
		};
		C053465B2FCBE5D000B17E43 /* SwiftyBeaver */ = {
			isa = XCSwiftPackageProductDependency;
			package = C053465A2FCBE5C800B17E43 /* XCLocalSwiftPackageReference "Packages/SwiftyBeaver" */;
			productName = SwiftyBeaver;
		};
/* End XCSwiftPackageProductDependency section */
	};
	rootObject = C00E22332FB0360A008CAB38 /* Project object */;
}
